
Microsoft Visual Studio Solution File, Format Version 12.00
# Visual Studio Version 17
VisualStudioVersion = 17.0.31903.59
MinimumVisualStudioVersion = 10.0.40219.1
Project("{2150E333-8FDC-42A3-9474-1A3956D46DE8}") = "src", "src", "{827E0CD3-B72D-47B6-A68D-7590B98EB39B}"
EndProject
Project("{FAE04EC0-301F-11D3-BF4B-00C04F79EFBC}") = "Predixus.Domain", "src\Predixus.Domain\Predixus.Domain.csproj", "{ECF40D94-3946-475A-9AF2-23F6B952631F}"
EndProject
Project("{FAE04EC0-301F-11D3-BF4B-00C04F79EFBC}") = "Predixus.Application", "src\Predixus.Application\Predixus.Application.csproj", "{A3E8F092-4EFE-49AF-BE80-78D90529C5E1}"
EndProject
Project("{FAE04EC0-301F-11D3-BF4B-00C04F79EFBC}") = "Predixus.Infrastructure", "src\Predixus.Infrastructure\Predixus.Infrastructure.csproj", "{5AF7E85A-91D8-4277-8CCD-66F0A14645AD}"
EndProject
Project("{FAE04EC0-301F-11D3-BF4B-00C04F79EFBC}") = "Predixus.API", "src\Predixus.API\Predixus.API.csproj", "{197CBD27-01CA-44DF-9447-F905FED08416}"
EndProject
Project("{2150E333-8FDC-42A3-9474-1A3956D46DE8}") = "tests", "tests", "{0AB3BF05-4346-4AA6-1389-037BE0695223}"
EndProject
Project("{FAE04EC0-301F-11D3-BF4B-00C04F79EFBC}") = "Predixus.Tests", "tests\Predixus.Tests\Predixus.Tests.csproj", "{4C1EA5A9-22D1-4F3B-B33B-DAFADA4C40E4}"
EndProject
Global
	GlobalSection(SolutionConfigurationPlatforms) = preSolution
		Debug|Any CPU = Debug|Any CPU
		Debug|x64 = Debug|x64
		Debug|x86 = Debug|x86
		Release|Any CPU = Release|Any CPU
		Release|x64 = Release|x64
		Release|x86 = Release|x86
	EndGlobalSection
	GlobalSection(ProjectConfigurationPlatforms) = postSolution
		{ECF40D94-3946-475A-9AF2-23F6B952631F}.Debug|Any CPU.ActiveCfg = Debug|Any CPU
		{ECF40D94-3946-475A-9AF2-23F6B952631F}.Debug|Any CPU.Build.0 = Debug|Any CPU
		{ECF40D94-3946-475A-9AF2-23F6B952631F}.Debug|x64.ActiveCfg = Debug|Any CPU
		{ECF40D94-3946-475A-9AF2-23F6B952631F}.Debug|x64.Build.0 = Debug|Any CPU
		{ECF40D94-3946-475A-9AF2-23F6B952631F}.Debug|x86.ActiveCfg = Debug|Any CPU
		{ECF40D94-3946-475A-9AF2-23F6B952631F}.Debug|x86.Build.0 = Debug|Any CPU
		{ECF40D94-3946-475A-9AF2-23F6B952631F}.Release|Any CPU.ActiveCfg = Release|Any CPU
		{ECF40D94-3946-475A-9AF2-23F6B952631F}.Release|Any CPU.Build.0 = Release|Any CPU
		{ECF40D94-3946-475A-9AF2-23F6B952631F}.Release|x64.ActiveCfg = Release|Any CPU
		{ECF40D94-3946-475A-9AF2-23F6B952631F}.Release|x64.Build.0 = Release|Any CPU
		{ECF40D94-3946-475A-9AF2-23F6B952631F}.Release|x86.ActiveCfg = Release|Any CPU
		{ECF40D94-3946-475A-9AF2-23F6B952631F}.Release|x86.Build.0 = Release|Any CPU
		{A3E8F092-4EFE-49AF-BE80-78D90529C5E1}.Debug|Any CPU.ActiveCfg = Debug|Any CPU
		{A3E8F092-4EFE-49AF-BE80-78D90529C5E1}.Debug|Any CPU.Build.0 = Debug|Any CPU
		{A3E8F092-4EFE-49AF-BE80-78D90529C5E1}.Debug|x64.ActiveCfg = Debug|Any CPU
		{A3E8F092-4EFE-49AF-BE80-78D90529C5E1}.Debug|x64.Build.0 = Debug|Any CPU
		{A3E8F092-4EFE-49AF-BE80-78D90529C5E1}.Debug|x86.ActiveCfg = Debug|Any CPU
		{A3E8F092-4EFE-49AF-BE80-78D90529C5E1}.Debug|x86.Build.0 = Debug|Any CPU
		{A3E8F092-4EFE-49AF-BE80-78D90529C5E1}.Release|Any CPU.ActiveCfg = Release|Any CPU
		{A3E8F092-4EFE-49AF-BE80-78D90529C5E1}.Release|Any CPU.Build.0 = Release|Any CPU
		{A3E8F092-4EFE-49AF-BE80-78D90529C5E1}.Release|x64.ActiveCfg = Release|Any CPU
		{A3E8F092-4EFE-49AF-BE80-78D90529C5E1}.Release|x64.Build.0 = Release|Any CPU
		{A3E8F092-4EFE-49AF-BE80-78D90529C5E1}.Release|x86.ActiveCfg = Release|Any CPU
		{A3E8F092-4EFE-49AF-BE80-78D90529C5E1}.Release|x86.Build.0 = Release|Any CPU
		{5AF7E85A-91D8-4277-8CCD-66F0A14645AD}.Debug|Any CPU.ActiveCfg = Debug|Any CPU
		{5AF7E85A-91D8-4277-8CCD-66F0A14645AD}.Debug|Any CPU.Build.0 = Debug|Any CPU
		{5AF7E85A-91D8-4277-8CCD-66F0A14645AD}.Debug|x64.ActiveCfg = Debug|Any CPU
		{5AF7E85A-91D8-4277-8CCD-66F0A14645AD}.Debug|x64.Build.0 = Debug|Any CPU
		{5AF7E85A-91D8-4277-8CCD-66F0A14645AD}.Debug|x86.ActiveCfg = Debug|Any CPU
		{5AF7E85A-91D8-4277-8CCD-66F0A14645AD}.Debug|x86.Build.0 = Debug|Any CPU
		{5AF7E85A-91D8-4277-8CCD-66F0A14645AD}.Release|Any CPU.ActiveCfg = Release|Any CPU
		{5AF7E85A-91D8-4277-8CCD-66F0A14645AD}.Release|Any CPU.Build.0 = Release|Any CPU
		{5AF7E85A-91D8-4277-8CCD-66F0A14645AD}.Release|x64.ActiveCfg = Release|Any CPU
		{5AF7E85A-91D8-4277-8CCD-66F0A14645AD}.Release|x64.Build.0 = Release|Any CPU
		{5AF7E85A-91D8-4277-8CCD-66F0A14645AD}.Release|x86.ActiveCfg = Release|Any CPU
		{5AF7E85A-91D8-4277-8CCD-66F0A14645AD}.Release|x86.Build.0 = Release|Any CPU
		{197CBD27-01CA-44DF-9447-F905FED08416}.Debug|Any CPU.ActiveCfg = Debug|Any CPU
		{197CBD27-01CA-44DF-9447-F905FED08416}.Debug|Any CPU.Build.0 = Debug|Any CPU
		{197CBD27-01CA-44DF-9447-F905FED08416}.Debug|x64.ActiveCfg = Debug|Any CPU
		{197CBD27-01CA-44DF-9447-F905FED08416}.Debug|x64.Build.0 = Debug|Any CPU
		{197CBD27-01CA-44DF-9447-F905FED08416}.Debug|x86.ActiveCfg = Debug|Any CPU
		{197CBD27-01CA-44DF-9447-F905FED08416}.Debug|x86.Build.0 = Debug|Any CPU
		{197CBD27-01CA-44DF-9447-F905FED08416}.Release|Any CPU.ActiveCfg = Release|Any CPU
		{197CBD27-01CA-44DF-9447-F905FED08416}.Release|Any CPU.Build.0 = Release|Any CPU
		{197CBD27-01CA-44DF-9447-F905FED08416}.Release|x64.ActiveCfg = Release|Any CPU
		{197CBD27-01CA-44DF-9447-F905FED08416}.Release|x64.Build.0 = Release|Any CPU
		{197CBD27-01CA-44DF-9447-F905FED08416}.Release|x86.ActiveCfg = Release|Any CPU
		{197CBD27-01CA-44DF-9447-F905FED08416}.Release|x86.Build.0 = Release|Any CPU
		{4C1EA5A9-22D1-4F3B-B33B-DAFADA4C40E4}.Debug|Any CPU.ActiveCfg = Debug|Any CPU
		{4C1EA5A9-22D1-4F3B-B33B-DAFADA4C40E4}.Debug|Any CPU.Build.0 = Debug|Any CPU
		{4C1EA5A9-22D1-4F3B-B33B-DAFADA4C40E4}.Debug|x64.ActiveCfg = Debug|Any CPU
		{4C1EA5A9-22D1-4F3B-B33B-DAFADA4C40E4}.Debug|x64.Build.0 = Debug|Any CPU
		{4C1EA5A9-22D1-4F3B-B33B-DAFADA4C40E4}.Debug|x86.ActiveCfg = Debug|Any CPU
		{4C1EA5A9-22D1-4F3B-B33B-DAFADA4C40E4}.Debug|x86.Build.0 = Debug|Any CPU
		{4C1EA5A9-22D1-4F3B-B33B-DAFADA4C40E4}.Release|Any CPU.ActiveCfg = Release|Any CPU
		{4C1EA5A9-22D1-4F3B-B33B-DAFADA4C40E4}.Release|Any CPU.Build.0 = Release|Any CPU
		{4C1EA5A9-22D1-4F3B-B33B-DAFADA4C40E4}.Release|x64.ActiveCfg = Release|Any CPU
		{4C1EA5A9-22D1-4F3B-B33B-DAFADA4C40E4}.Release|x64.Build.0 = Release|Any CPU
		{4C1EA5A9-22D1-4F3B-B33B-DAFADA4C40E4}.Release|x86.ActiveCfg = Release|Any CPU
		{4C1EA5A9-22D1-4F3B-B33B-DAFADA4C40E4}.Release|x86.Build.0 = Release|Any CPU
	EndGlobalSection
	GlobalSection(SolutionProperties) = preSolution
		HideSolutionNode = FALSE
	EndGlobalSection
	GlobalSection(NestedProjects) = preSolution
		{ECF40D94-3946-475A-9AF2-23F6B952631F} = {827E0CD3-B72D-47B6-A68D-7590B98EB39B}
		{A3E8F092-4EFE-49AF-BE80-78D90529C5E1} = {827E0CD3-B72D-47B6-A68D-7590B98EB39B}
		{5AF7E85A-91D8-4277-8CCD-66F0A14645AD} = {827E0CD3-B72D-47B6-A68D-7590B98EB39B}
		{197CBD27-01CA-44DF-9447-F905FED08416} = {827E0CD3-B72D-47B6-A68D-7590B98EB39B}
		{4C1EA5A9-22D1-4F3B-B33B-DAFADA4C40E4} = {0AB3BF05-4346-4AA6-1389-037BE0695223}
	EndGlobalSection
EndGlobal
